lockfileVersion: '6.0'

settings:
  autoInstallPeers: true
  excludeLinksFromLockfile: false

dependencies:
  '@vue/shared':
    specifier: 3.0.5
    version: 3.0.5

packages:

  /@vue/shared@3.0.5:
    resolution: {integrity: sha512-gYsNoGkWejBxNO6SNRjOh/xKeZ0H0V+TFzaPzODfBjkAIb0aQgBuixC1brandC/CDJy1wYPwSoYrXpvul7m6yw==}
    dev: false
